{
  "name": "sourcey-startup-credits-verifier-runtime",
  "lockfileVersion": 3,
  "requires": true,
  "packages": {
    "": {
      "name": "sourcey-startup-credits-verifier-runtime",
      "dependencies": {
        "@sourcey/catalog-verifier": "1.1.12"
      }
    },
    "node_modules/@sourcey/catalog-verifier": {
      "version": "1.1.12",
      "resolved": "https://registry.npmjs.org/@sourcey/catalog-verifier/-/catalog-verifier-1.1.12.tgz",
      "integrity": "sha512-+qqKQRzoEE5qC+VG6o6uM1yPr18ky0a+MCqfLKaZx2bZmA9rpa5j7I6/tMFHYfRS5weEYgLn3o81Jylx7WsiNQ==",
      "license": "MIT",
      "dependencies": {
        "provenry": "0.2.1",
        "tldts": "7.4.16",
        "yaml": "2.9.1",
        "zod": "4.6.5"
      },
      "bin": {
        "sourcey-catalog-verify": "sourcey-catalog-verify.js"
      },
      "engines": {
        "node": ">=22.12.0"
      }
    },
    "node_modules/entities": {
      "version": "8.1.0",
      "resolved": "https://registry.npmjs.org/entities/-/entities-8.1.0.tgz",
      "integrity": "sha512-kxL7msIffSuh9aaFAMD7rxAIuTRMAHMeBtgHW2yUdWw732ZNh4MehkF2gdjvtdmikkaIP9bFDDJOPlsvm7avrA==",
      "license": "BSD-2-Clause",
      "engines": {
        "node": ">=20.19.0"
      },
      "funding": {
        "url": "https://github.com/fb55/entities?sponsor=1"
      }
    },
    "node_modules/parse5": {
      "version": "8.0.1",
      "resolved": "https://registry.npmjs.org/parse5/-/parse5-8.0.1.tgz",
      "integrity": "sha512-z1e/HMG90obSGeidlli3hj7cbocou0/wa5HacvI3ASx34PecNjNQeaHNo5WIZpWofN9kgkqV1q5YvXe3F0FoPw==",
      "license": "MIT",
      "dependencies": {
        "entities": "^8.0.0"
      },
      "funding": {
        "url": "https://github.com/inikulin/parse5?sponsor=1"
      }
    },
    "node_modules/provenry": {
      "version": "0.2.1",
      "resolved": "https://registry.npmjs.org/provenry/-/provenry-0.2.1.tgz",
      "integrity": "sha512-3qpNxUpQ8CxsaD8YrYj7z6Le/YGdM1fpx4gVwWJBOBhlYosEAExGYIvXNBpRJ6jEU6MisAj70LNK5LEIJBGypA==",
      "license": "MIT",
      "dependencies": {
        "parse5": "8.0.1",
        "zod": "^4.6.5"
      },
      "engines": {
        "node": ">=22.12.0"
      }
    },
    "node_modules/tldts": {
      "version": "7.4.16",
      "resolved": "https://registry.npmjs.org/tldts/-/tldts-7.4.16.tgz",
      "integrity": "sha512-QwBER5KMR86IIjpIiO7H/Z3IMJPsZ1A6RKPAqzTTgOyUQUSt9FdnKcqhTaJmkY6HVrgouZHZR0ncK5QxvmnQeg==",
      "license": "MIT",
      "dependencies": {
        "tldts-core": "^7.4.16"
      },
      "bin": {
        "tldts": "bin/cli.js"
      }
    },
    "node_modules/tldts-core": {
      "version": "7.4.18",
      "resolved": "https://registry.npmjs.org/tldts-core/-/tldts-core-7.4.18.tgz",
      "integrity": "sha512-KI2PKvCmvQI/xD6ypPqkU0i7oxNXR/O58RLRaHR4svsgVUQ2JE/XC8BtMbG6PSehD27I8sZJRcC1ASnCy6lp3g==",
      "license": "MIT"
    },
    "node_modules/yaml": {
      "version": "2.9.1",
      "resolved": "https://registry.npmjs.org/yaml/-/yaml-2.9.1.tgz",
      "integrity": "sha512-3NxN8+78OdzbT7C/WjGsyfPAtJaN3FNDsWxv7Y7mcDsT/oOmgW8BpyQQFFBnvZE3j9Y2Sdz1ULFLezL7Eb2yFw==",
      "license": "ISC",
      "bin": {
        "yaml": "bin.mjs"
      },
      "engines": {
        "node": ">= 14.6"
      },
      "funding": {
        "url": "https://github.com/sponsors/eemeli"
      }
    },
    "node_modules/zod": {
      "version": "4.6.5",
      "resolved": "https://registry.npmjs.org/zod/-/zod-4.6.5.tgz",
      "integrity": "sha512-v5l/aFXZQeai4awLbOpSoHecE9UiMrnfx75tEXLjNonXVARxQ5mOeipTjROUchszUNCqnE+hqAMujRsRHsut2Q==",
      "license": "MIT",
      "funding": {
        "url": "https://github.com/sponsors/colinhacks"
      }
    }
  }
}
